
Microsoft Visual Studio Solution File, Format Version 12.00
# Visual Studio Version 17
VisualStudioVersion = 17.9.34616.47
MinimumVisualStudioVersion = 10.0.40219.1
Project("{FAE04EC0-301F-11D3-BF4B-00C04F79EFBC}") = "CRUDSederhana", "CRUDSederhana\CRUDSederhana.csproj", "{167EF318-2257-46C5-9762-FC9907EFF61D}"
EndProject
Global
	GlobalSection(SolutionConfigurationPlatforms) = preSolution
		Debug|Any CPU = Debug|Any CPU
		Release|Any CPU = Release|Any CPU
	EndGlobalSection
	GlobalSection(ProjectConfigurationPlatforms) = postSolution
		{167EF318-2257-46C5-9762-FC9907EFF61D}.Debug|Any CPU.ActiveCfg = Debug|Any CPU
		{167EF318-2257-46C5-9762-FC9907EFF61D}.Debug|Any CPU.Build.0 = Debug|Any CPU
		{167EF318-2257-46C5-9762-FC9907EFF61D}.Release|Any CPU.ActiveCfg = Release|Any CPU
		{167EF318-2257-46C5-9762-FC9907EFF61D}.Release|Any CPU.Build.0 = Release|Any CPU
	EndGlobalSection
	GlobalSection(SolutionProperties) = preSolution
		HideSolutionNode = FALSE
	EndGlobalSection
	GlobalSection(ExtensibilityGlobals) = postSolution
		SolutionGuid = {FE479D8E-96CD-48FC-B654-567E308B97E0}
	EndGlobalSection
EndGlobal
